
Microsoft Visual Studio Solution File, Format Version 12.00
Project("{FAE04EC0-301F-11D3-BF4B-00C04F79EFBC}") = "PotsePartyApi", "PotsePartyApi\PotsePartyApi.csproj", "{A7CD0F25-BB83-4580-9A2F-760A8639B5EF}"
EndProject
Global
	GlobalSection(SolutionConfigurationPlatforms) = preSolution
		Debug|Any CPU = Debug|Any CPU
		Release|Any CPU = Release|Any CPU
	EndGlobalSection
	GlobalSection(ProjectConfigurationPlatforms) = postSolution
		{A7CD0F25-BB83-4580-9A2F-760A8639B5EF}.Debug|Any CPU.ActiveCfg = Debug|Any CPU
		{A7CD0F25-BB83-4580-9A2F-760A8639B5EF}.Debug|Any CPU.Build.0 = Debug|Any CPU
		{A7CD0F25-BB83-4580-9A2F-760A8639B5EF}.Release|Any CPU.ActiveCfg = Release|Any CPU
		{A7CD0F25-BB83-4580-9A2F-760A8639B5EF}.Release|Any CPU.Build.0 = Release|Any CPU
	EndGlobalSection
EndGlobal
